{
  "name": "composable",
  "lockfileVersion": 3,
  "requires": true,
  "packages": {
    "": {
      "dependencies": {
        "@zaeny/expose": "^1.0.0"
      }
    },
    "node_modules/@zaeny/expose": {
      "version": "1.0.0",
      "resolved": "https://registry.npmjs.org/@zaeny/expose/-/expose-1.0.0.tgz",
      "integrity": "sha512-fp8mOzxp9+V8B0bwniX3uGqcOTenT6TdZGfZI1NFyJ4krPJ0KcDLB0/xV9hqcXmzveUG3pzb7wF/F8gP0EIhRA=="
    }
  }
}
